Microsoft Visual Studio Solution File, Format Version 12.00
# Visual Studio Version 17
VisualStudioVersion = 17.5.2.0
MinimumVisualStudioVersion = 10.0.40219.1
Project("{FAE04EC0-301F-11D3-BF4B-00C04F79EFBC}") = "LoveNotesAdmin", "LoveNotesAdmin.csproj", "{1DCC38EC-489A-B456-071A-522407D9C6BA}"
EndProject
Global
	GlobalSection(SolutionConfigurationPlatforms) = preSolution
		Debug|Any CPU = Debug|Any CPU
		Release|Any CPU = Release|Any CPU
	EndGlobalSection
	GlobalSection(ProjectConfigurationPlatforms) = postSolution
		{1DCC38EC-489A-B456-071A-522407D9C6BA}.Debug|Any CPU.ActiveCfg = Debug|Any CPU
		{1DCC38EC-489A-B456-071A-522407D9C6BA}.Debug|Any CPU.Build.0 = Debug|Any CPU
		{1DCC38EC-489A-B456-071A-522407D9C6BA}.Release|Any CPU.ActiveCfg = Release|Any CPU
		{1DCC38EC-489A-B456-071A-522407D9C6BA}.Release|Any CPU.Build.0 = Release|Any CPU
	EndGlobalSection
	GlobalSection(SolutionProperties) = preSolution
		HideSolutionNode = FALSE
	EndGlobalSection
	GlobalSection(ExtensibilityGlobals) = postSolution
		SolutionGuid = {62C6477D-59CE-460B-8818-B0204FE38B31}
	EndGlobalSection
EndGlobal
